
Microsoft Visual Studio Solution File, Format Version 12.00
Project("{FAE04EC0-301F-11D3-BF4B-00C04F79EFBC}") = "MobileStore", "MobileStore\MobileStore.csproj", "{628969BD-3CC5-4CB1-934D-37BB169A72BB}"
EndProject
Global
	GlobalSection(SolutionConfigurationPlatforms) = preSolution
		Debug|Any CPU = Debug|Any CPU
		Release|Any CPU = Release|Any CPU
	EndGlobalSection
	GlobalSection(ProjectConfigurationPlatforms) = postSolution
		{628969BD-3CC5-4CB1-934D-37BB169A72BB}.Debug|Any CPU.ActiveCfg = Debug|Any CPU
		{628969BD-3CC5-4CB1-934D-37BB169A72BB}.Debug|Any CPU.Build.0 = Debug|Any CPU
		{628969BD-3CC5-4CB1-934D-37BB169A72BB}.Release|Any CPU.ActiveCfg = Release|Any CPU
		{628969BD-3CC5-4CB1-934D-37BB169A72BB}.Release|Any CPU.Build.0 = Release|Any CPU
	EndGlobalSection
EndGlobal
